
Microsoft Visual Studio Solution File, Format Version 12.00
# Visual Studio 15
VisualStudioVersion = 15.0.28010.2016
MinimumVisualStudioVersion = 10.0.40219.1
Project("{FAE04EC0-301F-11D3-BF4B-00C04F79EFBC}") = "RecordIOGenerator", "RecordIOGenerator\RecordIOGenerator.csproj", "{DBF0367B-F91B-4AEE-ADC4-4E8C29F8A28E}"
EndProject
Project("{2150E333-8FDC-42A3-9474-1A3956D46DE8}") = "Tests", "Tests", "{D9D1219A-A91E-401F-86A0-93ECF87C49B9}"
EndProject
Project("{FAE04EC0-301F-11D3-BF4B-00C04F79EFBC}") = "RecordIOGeneratorTests", "RIOTests\RecordIOGeneratorTests.csproj", "{F888C92D-46A5-49E1-8F61-B6B9DCC0F7CE}"
EndProject
Global
	GlobalSection(SolutionConfigurationPlatforms) = preSolution
		Debug|Any CPU = Debug|Any CPU
		Release|Any CPU = Release|Any CPU
	EndGlobalSection
	GlobalSection(ProjectConfigurationPlatforms) = postSolution
		{DBF0367B-F91B-4AEE-ADC4-4E8C29F8A28E}.Debug|Any CPU.ActiveCfg = Debug|Any CPU
		{DBF0367B-F91B-4AEE-ADC4-4E8C29F8A28E}.Debug|Any CPU.Build.0 = Debug|Any CPU
		{DBF0367B-F91B-4AEE-ADC4-4E8C29F8A28E}.Release|Any CPU.ActiveCfg = Release|Any CPU
		{DBF0367B-F91B-4AEE-ADC4-4E8C29F8A28E}.Release|Any CPU.Build.0 = Release|Any CPU
		{F888C92D-46A5-49E1-8F61-B6B9DCC0F7CE}.Debug|Any CPU.ActiveCfg = Debug|Any CPU
		{F888C92D-46A5-49E1-8F61-B6B9DCC0F7CE}.Debug|Any CPU.Build.0 = Debug|Any CPU
		{F888C92D-46A5-49E1-8F61-B6B9DCC0F7CE}.Release|Any CPU.ActiveCfg = Release|Any CPU
		{F888C92D-46A5-49E1-8F61-B6B9DCC0F7CE}.Release|Any CPU.Build.0 = Release|Any CPU
	EndGlobalSection
	GlobalSection(SolutionProperties) = preSolution
		HideSolutionNode = FALSE
	EndGlobalSection
	GlobalSection(NestedProjects) = preSolution
		{F888C92D-46A5-49E1-8F61-B6B9DCC0F7CE} = {D9D1219A-A91E-401F-86A0-93ECF87C49B9}
	EndGlobalSection
	GlobalSection(ExtensibilityGlobals) = postSolution
		SolutionGuid = {0231752B-D995-475C-8752-A3E293082DDD}
	EndGlobalSection
EndGlobal
